# This file is autogenerated, do not edit; changes may be undone by the next 'dep ensure'.


[[projects]]
  digest = "1:1edcb8e554be820ed5767bf936a933f692043a0e60b29a9a1d43f8594a6124d9"
  name = "github.com/disintegration/imaging"
  packages = ["."]
  pruneopts = ""
  revision = "0bd5694c78c9c3d9a3cd06a706a8f3c59296a9ac"
  version = "v1.5.0"

[[projects]]
  branch = "master"
  digest = "1:f1a75a8e00244e5ea77ff274baa9559eb877437b240ee7b278f3fc560d9f08bf"
  name = "github.com/dustin/go-humanize"
  packages = ["."]
  pruneopts = ""
  revision = "9f541cc9db5d55bce703bd99987c9d5cb8eea45e"

[[projects]]
  digest = "1:cd5bab9c9e23ffa6858eaa79dc827fd84bc24bc00b0cfb0b14036e393da2b1fa"
  name = "github.com/go-ini/ini"
  packages = ["."]
  pruneopts = ""
  revision = "5cf292cae48347c2490ac1a58fe36735fb78df7e"
  version = "v1.38.2"

[[projects]]
  digest = "1:b60a24f942c7031ece6c48bcab0b683c7d3d6aa9fd17e21459d9ae604da258fa"
  name = "github.com/kelseyhightower/envconfig"
  packages = ["."]
  pruneopts = ""
  revision = "f611eb38b3875cc3bd991ca91c51d06446afa14c"
  version = "v1.3.0"

[[projects]]
  branch = "master"
  digest = "1:448b4a6e39e46d8740b00dc871f26d58dc39341b160e01267b7917132831a136"
  name = "github.com/konsorten/go-windows-terminal-sequences"
  packages = ["."]
  pruneopts = ""
  revision = "b729f2633dfe35f4d1d8a32385f6685610ce1cb5"

[[projects]]
  digest = "1:f0c583bb1189614701bb928f1a73a7f71a3d31b76f1fbbe6619a83d92cbd2def"
  name = "github.com/labstack/gommon"
  packages = [
    "color",
    "log",
  ]
  pruneopts = ""
  revision = "2a618302b929cc20862dda3aa6f02f64dbe740dd"
  version = "v0.2.7"

[[projects]]
  digest = "1:29145d7af4adafd72a79df5e41456ac9e232d5a28c1cd4dacf3ff008a217fc10"
  name = "github.com/lib/pq"
  packages = [
    ".",
    "oid",
  ]
  pruneopts = ""
  revision = "4ded0e9383f75c197b3a2aaa6d590ac52df6fd79"
  version = "v1.0.0"

[[projects]]
  digest = "1:9ea83adf8e96d6304f394d40436f2eb44c1dc3250d223b74088cc253a6cd0a1c"
  name = "github.com/mattn/go-colorable"
  packages = ["."]
  pruneopts = ""
  revision = "167de6bfdfba052fa6b2d3664c8f5272e23c9072"
  version = "v0.0.9"

[[projects]]
  digest = "1:3140e04675a6a91d2a20ea9d10bdadf6072085502e6def6768361260aee4b967"
  name = "github.com/mattn/go-isatty"
  packages = ["."]
  pruneopts = ""
  revision = "6ca4dbf54d38eea1a992b3c722a76a5d1c4cb25c"
  version = "v0.0.4"

[[projects]]
  digest = "1:e257fad3533ba4aa6c6c6b7b6f6a9165e2857cf224bfe3e017128df48f5b565b"
  name = "github.com/minio/minio-go"
  packages = [
    ".",
    "pkg/credentials",
    "pkg/encrypt",
    "pkg/s3signer",
    "pkg/s3utils",
    "pkg/set",
  ]
  pruneopts = ""
  revision = "e8c97c88468e122f161683409cde02dc89a2961c"
  version = "v6.0.7"

[[projects]]
  digest = "1:096a8a9182648da3d00ff243b88407838902b6703fc12657f76890e08d1899bf"
  name = "github.com/mitchellh/go-homedir"
  packages = ["."]
  pruneopts = ""
  revision = "ae18d6b8b3205b561c79e8e5f69bff09736185f4"
  version = "v1.0.0"

[[projects]]
  digest = "1:f04a78a43f55f089c919beee8ec4a1495dee1bd271548da2cb44bf44699a6a61"
  name = "github.com/nats-io/go-nats"
  packages = [
    ".",
    "encoders/builtin",
    "util",
  ]
  pruneopts = ""
  revision = "fb0396ee0bdb8018b0fef30d6d1de798ce99cd05"
  version = "v1.6.0"

[[projects]]
  digest = "1:be61e8224b84064109eaba8157cbb4bbe6ca12443e182b6624fdfa1c0dcf53d9"
  name = "github.com/nats-io/nuid"
  packages = ["."]
  pruneopts = ""
  revision = "289cccf02c178dc782430d534e3c1f5b72af807f"
  version = "v1.0.0"

[[projects]]
  digest = "1:01d968ff6535945510c944983eee024e81f1c949043e9bbfe5ab206ebc3588a4"
  name = "github.com/sirupsen/logrus"
  packages = ["."]
  pruneopts = ""
  revision = "a67f783a3814b8729bd2dac5780b5f78f8dbd64d"
  version = "v1.1.0"

[[projects]]
  digest = "1:857a9ecd5cb13379ecc8f798f6e6b6b574c98b9355657d91e068275f1120aaf7"
  name = "github.com/valyala/bytebufferpool"
  packages = ["."]
  pruneopts = ""
  revision = "e746df99fe4a3986f4d4f79e13c1e0117ce9c2f7"
  version = "v1.0.0"

[[projects]]
  branch = "master"
  digest = "1:bf6f8915c0338e875383cb7fdebd58a4d360a232f461d9a029d7ccb12f90c5d7"
  name = "github.com/valyala/fasttemplate"
  packages = ["."]
  pruneopts = ""
  revision = "dcecefd839c4193db0d35b88ec65b4c12d360ab0"

[[projects]]
  branch = "master"
  digest = "1:61a86f0be8b466d6e3fbdabb155aaa4006137cb5e3fd3b949329d103fa0ceb0f"
  name = "golang.org/x/crypto"
  packages = [
    "argon2",
    "blake2b",
    "ssh/terminal",
  ]
  pruneopts = ""
  revision = "0e37d006457bf46f9e6692014ba72ef82c33022c"

[[projects]]
  branch = "master"
  digest = "1:2877840fbc5ce3ab9eb6b45050e659060b34d88eb8bea94f1e30e0fee9e22dfa"
  name = "golang.org/x/image"
  packages = [
    "bmp",
    "tiff",
    "tiff/lzw",
  ]
  pruneopts = ""
  revision = "e1a1ede6891c997b81b830dbc6f4d2850b9392a4"

[[projects]]
  branch = "master"
  digest = "1:6846191f608c0dd6109f37ca46b784f9630191ff13f86ae974135c05a4c92971"
  name = "golang.org/x/net"
  packages = [
    "http/httpguts",
    "idna",
  ]
  pruneopts = ""
  revision = "f04abc6bdfa7a0171a8a0c9fd2ada9391044d056"

[[projects]]
  branch = "master"
  digest = "1:18ebd6e65d5223778b5fc92bbf2afffb54c6ac3889bbc362df692b965f932fae"
  name = "golang.org/x/sys"
  packages = [
    "cpu",
    "unix",
    "windows",
  ]
  pruneopts = ""
  revision = "b09afc3d579e346c4a7e4705953acaf6f9e551bd"

[[projects]]
  digest = "1:5acd3512b047305d49e8763eef7ba423901e85d5dd2fd1e71778a0ea8de10bd4"
  name = "golang.org/x/text"
  packages = [
    "collate",
    "collate/build",
    "internal/colltab",
    "internal/gen",
    "internal/tag",
    "internal/triegen",
    "internal/ucd",
    "language",
    "secure/bidirule",
    "transform",
    "unicode/bidi",
    "unicode/cldr",
    "unicode/norm",
    "unicode/rangetable",
  ]
  pruneopts = ""
  revision = "f21a4dfb5e38f5895301dc265a8def02365cc3d0"
  version = "v0.3.0"

[solve-meta]
  analyzer-name = "dep"
  analyzer-version = 1
  input-imports = [
    "github.com/disintegration/imaging",
    "github.com/kelseyhightower/envconfig",
    "github.com/labstack/gommon/log",
    "github.com/lib/pq",
    "github.com/minio/minio-go",
    "github.com/nats-io/go-nats",
  ]
  solver-name = "gps-cdcl"
  solver-version = 1
